
Microsoft Visual Studio Solution File, Format Version 12.00
# Visual Studio Version 17
VisualStudioVersion = 17.13.35931.197 d17.13
MinimumVisualStudioVersion = 10.0.40219.1
Project("{FAE04EC0-301F-11D3-BF4B-00C04F79EFBC}") = "BankingOperation", "BankingOperation.csproj", "{47ED5375-4BE5-4E26-B0C3-B9B6355F5FF3}"
EndProject
Global
	GlobalSection(SolutionConfigurationPlatforms) = preSolution
		Debug|Any CPU = Debug|Any CPU
		Release|Any CPU = Release|Any CPU
	EndGlobalSection
	GlobalSection(ProjectConfigurationPlatforms) = postSolution
		{47ED5375-4BE5-4E26-B0C3-B9B6355F5FF3}.Debug|Any CPU.ActiveCfg = Debug|Any CPU
		{47ED5375-4BE5-4E26-B0C3-B9B6355F5FF3}.Debug|Any CPU.Build.0 = Debug|Any CPU
		{47ED5375-4BE5-4E26-B0C3-B9B6355F5FF3}.Release|Any CPU.ActiveCfg = Release|Any CPU
		{47ED5375-4BE5-4E26-B0C3-B9B6355F5FF3}.Release|Any CPU.Build.0 = Release|Any CPU
	EndGlobalSection
	GlobalSection(SolutionProperties) = preSolution
		HideSolutionNode = FALSE
	EndGlobalSection
	GlobalSection(ExtensibilityGlobals) = postSolution
		SolutionGuid = {A0AA4059-206B-4EB3-A05A-C608CF5EBFD1}
	EndGlobalSection
EndGlobal
